
Microsoft Visual Studio Solution File, Format Version 12.00
# Visual Studio 2012
Project("{FAE04EC0-301F-11D3-BF4B-00C04F79EFBC}") = "SmartLabelWindowws", "SmartLabelWindowws\SmartLabelWindowws.csproj", "{CF8C28DF-5410-4387-B972-1BCF9FF3E67F}"
EndProject
Global
	GlobalSection(SolutionConfigurationPlatforms) = preSolution
		Debug|Any CPU = Debug|Any CPU
		Release|Any CPU = Release|Any CPU
	EndGlobalSection
	GlobalSection(ProjectConfigurationPlatforms) = postSolution
		{CF8C28DF-5410-4387-B972-1BCF9FF3E67F}.Debug|Any CPU.ActiveCfg = Debug|Any CPU
		{CF8C28DF-5410-4387-B972-1BCF9FF3E67F}.Debug|Any CPU.Build.0 = Debug|Any CPU
		{CF8C28DF-5410-4387-B972-1BCF9FF3E67F}.Release|Any CPU.ActiveCfg = Release|Any CPU
		{CF8C28DF-5410-4387-B972-1BCF9FF3E67F}.Release|Any CPU.Build.0 = Release|Any CPU
	EndGlobalSection
	GlobalSection(SolutionProperties) = preSolution
		HideSolutionNode = FALSE
	EndGlobalSection
EndGlobal
